// !$*UTF8*$!
{
	archiveVersion = 1;
	classes = {
	};
	objectVersion = 50;
	objects = {

/* Begin PBXBuildFile section */
		122426992688D8D500B9A202 /* AppDelegate.swift in Sources */ = {isa = PBXBuildFile; fileRef = 122426982688D8D500B9A202 /* AppDelegate.swift */; };
		1224269D2688D8D500B9A202 /* ViewController.swift in Sources */ = {isa = PBXBuildFile; fileRef = 1224269C2688D8D500B9A202 /* ViewController.swift */; };
		122426A02688D8D500B9A202 /* Main.storyboard in Resources */ = {isa = PBXBuildFile; fileRef = 1224269E2688D8D500B9A202 /* Main.storyboard */; };
		122426A22688D8D600B9A202 /* Assets.xcassets in Resources */ = {isa = PBXBuildFile; fileRef = 122426A12688D8D600B9A202 /* Assets.xcassets */; };
		122426A52688D8D600B9A202 /* LaunchScreen.storyboard in Resources */ = {isa = PBXBuildFile; fileRef = 122426A32688D8D600B9A202 /* LaunchScreen.storyboard */; };
		122426B12688DB4500B9A202 /* ThirstySoftRegular.otf in Resources */ = {isa = PBXBuildFile; fileRef = 122426AF2688DB4500B9A202 /* ThirstySoftRegular.otf */; };
		122426B22688DB4500B9A202 /* Delm-Medium.otf in Resources */ = {isa = PBXBuildFile; fileRef = 122426B02688DB4500B9A202 /* Delm-Medium.otf */; };
		123C9AC9268F690200F34AF8 /* per2.png in Resources */ = {isa = PBXBuildFile; fileRef = 123C9AC8268F690200F34AF8 /* per2.png */; };
/* End PBXBuildFile section */

/* Begin PBXFileReference section */
		122426952688D8D500B9A202 /* Instagrid.app */ = {isa = PBXFileReference; explicitFileType = wrapper.application; includeInIndex = 0; path = Instagrid.app; sourceTree = BUILT_PRODUCTS_DIR; };
		122426982688D8D500B9A202 /* AppDelegate.swift */ = {isa = PBXFileReference; lastKnownFileType = sourcecode.swift; path = AppDelegate.swift; sourceTree = "<group>"; };
		1224269C2688D8D500B9A202 /* ViewController.swift */ = {isa = PBXFileReference; lastKnownFileType = sourcecode.swift; path = ViewController.swift; sourceTree = "<group>"; };
		1224269F2688D8D500B9A202 /* Base */ = {isa = PBXFileReference; lastKnownFileType = file.storyboard; name = Base; path = Base.lproj/Main.storyboard; sourceTree = "<group>"; };
		122426A12688D8D600B9A202 /* Assets.xcassets */ = {isa = PBXFileReference; lastKnownFileType = folder.assetcatalog; path = Assets.xcassets; sourceTree = "<group>"; };
		122426A42688D8D600B9A202 /* Base */ = {isa = PBXFileReference; lastKnownFileType = file.storyboard; name = Base; path = Base.lproj/LaunchScreen.storyboard; sourceTree = "<group>"; };
		122426A62688D8D600B9A202 /* Info.plist */ = {isa = PBXFileReference; lastKnownFileType = text.plist.xml; path = Info.plist; sourceTree = "<group>"; };
		122426AF2688DB4500B9A202 /* ThirstySoftRegular.otf */ = {isa = PBXFileReference; lastKnownFileType = file; path = ThirstySoftRegular.otf; sourceTree = "<group>"; };
		122426B02688DB4500B9A202 /* Delm-Medium.otf */ = {isa = PBXFileReference; lastKnownFileType = file; path = "Delm-Medium.otf"; sourceTree = "<group>"; };
		123C9AC8268F690200F34AF8 /* per2.png */ = {isa = PBXFileReference; lastKnownFileType = image.png; path = per2.png; sourceTree = "<group>"; };
/* End PBXFileReference section */

/* Begin PBXFrameworksBuildPhase section */
		122426922688D8D500B9A202 /* Frameworks */ = {
			isa = PBXFrameworksBuildPhase;
			buildActionMask = 2147483647;
			files = (
			);
			runOnlyForDeploymentPostprocessing = 0;
		};
/* End PBXFrameworksBuildPhase section */

/* Begin PBXGroup section */
		1224268C2688D8D500B9A202 = {
			isa = PBXGroup;
			children = (
				122426972688D8D500B9A202 /* Instagrid */,
				122426962688D8D500B9A202 /* Products */,
			);
			sourceTree = "<group>";
		};
		122426962688D8D500B9A202 /* Products */ = {
			isa = PBXGroup;
			children = (
				122426952688D8D500B9A202 /* Instagrid.app */,
			);
			name = Products;
			sourceTree = "<group>";
		};
		122426972688D8D500B9A202 /* Instagrid */ = {
			isa = PBXGroup;
			children = (
				122426AC2688DA0D00B9A202 /* delagate */,
				122426AD2688DA2300B9A202 /* controller */,
				122426AE2688DA3000B9A202 /* view */,
				122426A12688D8D600B9A202 /* Assets.xcassets */,
				122426B02688DB4500B9A202 /* Delm-Medium.otf */,
				122426AF2688DB4500B9A202 /* ThirstySoftRegular.otf */,
				122426A62688D8D600B9A202 /* Info.plist */,
				123C9AC8268F690200F34AF8 /* per2.png */,
			);
			path = Instagrid;
			sourceTree = "<group>";
		};
		122426AC2688DA0D00B9A202 /* delagate */ = {
			isa = PBXGroup;
			children = (
				122426982688D8D500B9A202 /* AppDelegate.swift */,
			);
			path = delagate;
			sourceTree = "<group>";
		};
		122426AD2688DA2300B9A202 /* controller */ = {
			isa = PBXGroup;
			children = (
				1224269C2688D8D500B9A202 /* ViewController.swift */,
			);
			path = controller;
			sourceTree = "<group>";
		};
		122426AE2688DA3000B9A202 /* view */ = {
			isa = PBXGroup;
			children = (
				1224269E2688D8D500B9A202 /* Main.storyboard */,
				122426A32688D8D600B9A202 /* LaunchScreen.storyboard */,
			);
			path = view;
			sourceTree = "<group>";
		};
/* End PBXGroup section */

/* Begin PBXNativeTarget section */
		122426942688D8D500B9A202 /* Instagrid */ = {
			isa = PBXNativeTarget;
			buildConfigurationList = 122426A92688D8D600B9A202 /* Build configuration list for PBXNativeTarget "Instagrid" */;
			buildPhases = (
				122426912688D8D500B9A202 /* Sources */,
				122426922688D8D500B9A202 /* Frameworks */,
				122426932688D8D500B9A202 /* Resources */,
			);
			buildRules = (
			);
			dependencies = (
			);
			name = Instagrid;
			productName = Instagrid;
			productReference = 122426952688D8D500B9A202 /* Instagrid.app */;
			productType = "com.apple.product-type.application";
		};
/* End PBXNativeTarget section */

/* Begin PBXProject section */
		1224268D2688D8D500B9A202 /* Project object */ = {
			isa = PBXProject;
			attributes = {
				LastSwiftUpdateCheck = 1250;
				LastUpgradeCheck = 1250;
				TargetAttributes = {
					122426942688D8D500B9A202 = {
						CreatedOnToolsVersion = 12.5.1;
					};
				};
			};
			buildConfigurationList = 122426902688D8D500B9A202 /* Build configuration list for PBXProject "Instagrid" */;
			compatibilityVersion = "Xcode 9.3";
			developmentRegion = en;
			hasScannedForEncodings = 0;
			knownRegions = (
				en,
				Base,
			);
			mainGroup = 1224268C2688D8D500B9A202;
			productRefGroup = 122426962688D8D500B9A202 /* Products */;
			projectDirPath = "";
			projectRoot = "";
			targets = (
				122426942688D8D500B9A202 /* Instagrid */,
			);
		};
/* End PBXProject section */

/* Begin PBXResourcesBuildPhase section */
		122426932688D8D500B9A202 /* Resources */ = {
			isa = PBXResourcesBuildPhase;
			buildActionMask = 2147483647;
			files = (
				122426A52688D8D600B9A202 /* LaunchScreen.storyboard in Resources */,
				122426B22688DB4500B9A202 /* Delm-Medium.otf in Resources */,
				123C9AC9268F690200F34AF8 /* per2.png in Resources */,
				122426A22688D8D600B9A202 /* Assets.xcassets in Resources */,
				122426B12688DB4500B9A202 /* ThirstySoftRegular.otf in Resources */,
				122426A02688D8D500B9A202 /* Main.storyboard in Resources */,
			);
			runOnlyForDeploymentPostprocessing = 0;
		};
/* End PBXResourcesBuildPhase section */

/* Begin PBXSourcesBuildPhase section */
		122426912688D8D500B9A202 /* Sources */ = {
			isa = PBXSourcesBuildPhase;
			buildActionMask = 2147483647;
			files = (
				1224269D2688D8D500B9A202 /* ViewController.swift in Sources */,
				122426992688D8D500B9A202 /* AppDelegate.swift in Sources */,
			);
			runOnlyForDeploymentPostprocessing = 0;
		};
/* End PBXSourcesBuildPhase section */

/* Begin PBXVariantGroup section */
		1224269E2688D8D500B9A202 /* Main.storyboard */ = {
			isa = PBXVariantGroup;
			children = (
				1224269F2688D8D500B9A202 /* Base */,
			);
			name = Main.storyboard;
			sourceTree = "<group>";
		};
		122426A32688D8D600B9A202 /* LaunchScreen.storyboard */ = {
			isa = PBXVariantGroup;
			children = (
				122426A42688D8D600B9A202 /* Base */,
			);
			name = LaunchScreen.storyboard;
			sourceTree = "<group>";
		};
/* End PBXVariantGroup section */

/* Begin XCBuildConfiguration section */
		122426A72688D8D600B9A202 /* Debug */ = {
			isa = XCBuildConfiguration;
			buildSettings = {
				ALWAYS_SEARCH_USER_PATHS = NO;
				CLANG_ANALYZER_NONNULL = YES;
				CLANG_ANALYZER_NUMBER_OBJECT_CONVERSION = YES_AGGRESSIVE;
				CLANG_CXX_LANGUAGE_STANDARD = "gnu++14";
				CLANG_CXX_LIBRARY = "libc++";
				CLANG_ENABLE_MODULES = YES;
				CLANG_ENABLE_OBJC_ARC = YES;
				CLANG_ENABLE_OBJC_WEAK = YES;
				CLANG_WARN_BLOCK_CAPTURE_AUTORELEASING = YES;
				CLANG_WARN_BOOL_CONVERSION = YES;
				CLANG_WARN_COMMA = YES;
				CLANG_WARN_CONSTANT_CONVERSION = YES;
				CLANG_WARN_DEPRECATED_OBJC_IMPLEMENTATIONS = YES;
				CLANG_WARN_DIRECT_OBJC_ISA_USAGE = YES_ERROR;
				CLANG_WARN_DOCUMENTATION_COMMENTS = YES;
				CLANG_WARN_EMPTY_BODY = YES;
				CLANG_WARN_ENUM_CONVERSION = YES;
				CLANG_WARN_INFINITE_RECURSION = YES;
				CLANG_WARN_INT_CONVERSION = YES;
				CLANG_WARN_NON_LITERAL_NULL_CONVERSION = YES;
				CLANG_WARN_OBJC_IMPLICIT_RETAIN_SELF = YES;
				CLANG_WARN_OBJC_LITERAL_CONVERSION = YES;
				CLANG_WARN_OBJC_ROOT_CLASS = YES_ERROR;
				CLANG_WARN_QUOTED_INCLUDE_IN_FRAMEWORK_HEADER = YES;
				CLANG_WARN_RANGE_LOOP_ANALYSIS = YES;
				CLANG_WARN_STRICT_PROTOTYPES = YES;
				CLANG_WARN_SUSPICIOUS_MOVE = YES;
				CLANG_WARN_UNGUARDED_AVAILABILITY = YES_AGGRESSIVE;
				CLANG_WARN_UNREACHABLE_CODE = YES;
				CLANG_WARN__DUPLICATE_METHOD_MATCH = YES;
				COPY_PHASE_STRIP = NO;
				DEBUG_INFORMATION_FORMAT = dwarf;
				ENABLE_STRICT_OBJC_MSGSEND = YES;
				ENABLE_TESTABILITY = YES;
				GCC_C_LANGUAGE_STANDARD = gnu11;
				GCC_DYNAMIC_NO_PIC = NO;
				GCC_NO_COMMON_BLOCKS = YES;
				GCC_OPTIMIZATION_LEVEL = 0;
				GCC_PREPROCESSOR_DEFINITIONS = (
					"DEBUG=1",
					"$(inherited)",
				);
				GCC_WARN_64_TO_32_BIT_CONVERSION = YES;
				GCC_WARN_ABOUT_RETURN_TYPE = YES_ERROR;
				GCC_WARN_UNDECLARED_SELECTOR = YES;
				GCC_WARN_UNINITIALIZED_AUTOS = YES_AGGRESSIVE;
				GCC_WARN_UNUSED_FUNCTION = YES;
				GCC_WARN_UNUSED_VARIABLE = YES;
				IPHONEOS_DEPLOYMENT_TARGET = 12.1;
				MTL_ENABLE_DEBUG_INFO = INCLUDE_SOURCE;
				MTL_FAST_MATH = YES;
				ONLY_ACTIVE_ARCH = YES;
				SDKROOT = iphoneos;
				SWIFT_ACTIVE_COMPILATION_CONDITIONS = DEBUG;
				SWIFT_OPTIMIZATION_LEVEL = "-Onone";
			};
			name = Debug;
		};
		122426A82688D8D600B9A202 /* Release */ = {
			isa = XCBuildConfiguration;
			buildSettings = {
				ALWAYS_SEARCH_USER_PATHS = NO;
				CLANG_ANALYZER_NONNULL = YES;
				CLANG_ANALYZER_NUMBER_OBJECT_CONVERSION = YES_AGGRESSIVE;
				CLANG_CXX_LANGUAGE_STANDARD = "gnu++14";
				CLANG_CXX_LIBRARY = "libc++";
				CLANG_ENABLE_MODULES = YES;
				CLANG_ENABLE_OBJC_ARC = YES;
				CLANG_ENABLE_OBJC_WEAK = YES;
				CLANG_WARN_BLOCK_CAPTURE_AUTORELEASING = YES;
				CLANG_WARN_BOOL_CONVERSION = YES;
				CLANG_WARN_COMMA = YES;
				CLANG_WARN_CONSTANT_CONVERSION = YES;
				CLANG_WARN_DEPRECATED_OBJC_IMPLEMENTATIONS = YES;
				CLANG_WARN_DIRECT_OBJC_ISA_USAGE = YES_ERROR;
				CLANG_WARN_DOCUMENTATION_COMMENTS = YES;
				CLANG_WARN_EMPTY_BODY = YES;
				CLANG_WARN_ENUM_CONVERSION = YES;
				CLANG_WARN_INFINITE_RECURSION = YES;
				CLANG_WARN_INT_CONVERSION = YES;
				CLANG_WARN_NON_LITERAL_NULL_CONVERSION = YES;
				CLANG_WARN_OBJC_IMPLICIT_RETAIN_SELF = YES;
				CLANG_WARN_OBJC_LITERAL_CONVERSION = YES;
				CLANG_WARN_OBJC_ROOT_CLASS = YES_ERROR;
				CLANG_WARN_QUOTED_INCLUDE_IN_FRAMEWORK_HEADER = YES;
				CLANG_WARN_RANGE_LOOP_ANALYSIS = YES;
				CLANG_WARN_STRICT_PROTOTYPES = YES;
				CLANG_WARN_SUSPICIOUS_MOVE = YES;
				CLANG_WARN_UNGUARDED_AVAILABILITY = YES_AGGRESSIVE;
				CLANG_WARN_UNREACHABLE_CODE = YES;
				CLANG_WARN__DUPLICATE_METHOD_MATCH = YES;
				COPY_PHASE_STRIP = NO;
				DEBUG_INFORMATION_FORMAT = "dwarf-with-dsym";
				ENABLE_NS_ASSERTIONS = NO;
				ENABLE_STRICT_OBJC_MSGSEND = YES;
				GCC_C_LANGUAGE_STANDARD = gnu11;
				GCC_NO_COMMON_BLOCKS = YES;
				GCC_WARN_64_TO_32_BIT_CONVERSION = YES;
				GCC_WARN_ABOUT_RETURN_TYPE = YES_ERROR;
				GCC_WARN_UNDECLARED_SELECTOR = YES;
				GCC_WARN_UNINITIALIZED_AUTOS = YES_AGGRESSIVE;
				GCC_WARN_UNUSED_FUNCTION = YES;
				GCC_WARN_UNUSED_VARIABLE = YES;
				IPHONEOS_DEPLOYMENT_TARGET = 12.1;
				MTL_ENABLE_DEBUG_INFO = NO;
				MTL_FAST_MATH = YES;
				SDKROOT = iphoneos;
				SWIFT_COMPILATION_MODE = wholemodule;
				SWIFT_OPTIMIZATION_LEVEL = "-O";
				VALIDATE_PRODUCT = YES;
			};
			name = Release;
		};
		122426AA2688D8D600B9A202 /* Debug */ = {
			isa = XCBuildConfiguration;
			buildSettings = {
				ASSETCATALOG_COMPILER_APPICON_NAME = AppIcon;
				ASSETCATALOG_COMPILER_GLOBAL_ACCENT_COLOR_NAME = AccentColor;
				CODE_SIGN_STYLE = Automatic;
				DEVELOPMENT_TEAM = 6J7DSRP43M;
				INFOPLIST_FILE = Instagrid/Info.plist;
				IPHONEOS_DEPLOYMENT_TARGET = 11.0;
				LD_RUNPATH_SEARCH_PATHS = (
					"$(inherited)",
					"@executable_path/Frameworks",
				);
				PRODUCT_BUNDLE_IDENTIFIER = fr.gdvd.Instagrid;
				PRODUCT_NAME = "$(TARGET_NAME)";
				SWIFT_VERSION = 5.0;
				TARGETED_DEVICE_FAMILY = 1;
			};
			name = Debug;
		};
		122426AB2688D8D600B9A202 /* Release */ = {
			isa = XCBuildConfiguration;
			buildSettings = {
				ASSETCATALOG_COMPILER_APPICON_NAME = AppIcon;
				ASSETCATALOG_COMPILER_GLOBAL_ACCENT_COLOR_NAME = AccentColor;
				CODE_SIGN_STYLE = Automatic;
				DEVELOPMENT_TEAM = 6J7DSRP43M;
				INFOPLIST_FILE = Instagrid/Info.plist;
				IPHONEOS_DEPLOYMENT_TARGET = 11.0;
				LD_RUNPATH_SEARCH_PATHS = (
					"$(inherited)",
					"@executable_path/Frameworks",
				);
				PRODUCT_BUNDLE_IDENTIFIER = fr.gdvd.Instagrid;
				PRODUCT_NAME = "$(TARGET_NAME)";
				SWIFT_VERSION = 5.0;
				TARGETED_DEVICE_FAMILY = 1;
			};
			name = Release;
		};
/* End XCBuildConfiguration section */

/* Begin XCConfigurationList section */
		122426902688D8D500B9A202 /* Build configuration list for PBXProject "Instagrid" */ = {
			isa = XCConfigurationList;
			buildConfigurations = (
				122426A72688D8D600B9A202 /* Debug */,
				122426A82688D8D600B9A202 /* Release */,
			);
			defaultConfigurationIsVisible = 0;
			defaultConfigurationName = Release;
		};
		122426A92688D8D600B9A202 /* Build configuration list for PBXNativeTarget "Instagrid" */ = {
			isa = XCConfigurationList;
			buildConfigurations = (
				122426AA2688D8D600B9A202 /* Debug */,
				122426AB2688D8D600B9A202 /* Release */,
			);
			defaultConfigurationIsVisible = 0;
			defaultConfigurationName = Release;
		};
/* End XCConfigurationList section */
	};
	rootObject = 1224268D2688D8D500B9A202 /* Project object */;
}
